
Microsoft Visual Studio Solution File, Format Version 10.00
# Visual Studio 2008
Project("{FAE04EC0-301F-11D3-BF4B-00C04F79EFBC}") = "Strategy", "Strategy.csproj", "{0CDCD6A6-CEAB-4DA1-8AC7-373201DE7AC0}"
EndProject
Project("{FAE04EC0-301F-11D3-BF4B-00C04F79EFBC}") = "StrategyPipeline", "..\StrategyPipeline\StrategyPipeline.csproj", "{8D5A9D48-980E-4226-84AC-B44E3EEC4094}"
EndProject
Global
	GlobalSection(SolutionConfigurationPlatforms) = preSolution
		Debug|x86 = Debug|x86
		Debug|Xbox 360 = Debug|Xbox 360
		Debug|Zune = Debug|Zune
		Release|x86 = Release|x86
		Release|Xbox 360 = Release|Xbox 360
		Release|Zune = Release|Zune
	EndGlobalSection
	GlobalSection(ProjectConfigurationPlatforms) = postSolution
		{0CDCD6A6-CEAB-4DA1-8AC7-373201DE7AC0}.Debug|x86.ActiveCfg = Debug|x86
		{0CDCD6A6-CEAB-4DA1-8AC7-373201DE7AC0}.Debug|x86.Build.0 = Debug|x86
		{0CDCD6A6-CEAB-4DA1-8AC7-373201DE7AC0}.Debug|Xbox 360.ActiveCfg = Debug|x86
		{0CDCD6A6-CEAB-4DA1-8AC7-373201DE7AC0}.Debug|Zune.ActiveCfg = Debug|x86
		{0CDCD6A6-CEAB-4DA1-8AC7-373201DE7AC0}.Release|x86.ActiveCfg = Release|x86
		{0CDCD6A6-CEAB-4DA1-8AC7-373201DE7AC0}.Release|x86.Build.0 = Release|x86
		{0CDCD6A6-CEAB-4DA1-8AC7-373201DE7AC0}.Release|Xbox 360.ActiveCfg = Release|x86
		{0CDCD6A6-CEAB-4DA1-8AC7-373201DE7AC0}.Release|Zune.ActiveCfg = Release|x86
		{9E6E543F-B0F3-4729-A54C-AE225DCB1196}.Debug|x86.ActiveCfg = Debug|x86
		{9E6E543F-B0F3-4729-A54C-AE225DCB1196}.Debug|Xbox 360.ActiveCfg = Debug|x86
		{9E6E543F-B0F3-4729-A54C-AE225DCB1196}.Debug|Zune.ActiveCfg = Debug|x86
		{9E6E543F-B0F3-4729-A54C-AE225DCB1196}.Release|x86.ActiveCfg = Release|x86
		{9E6E543F-B0F3-4729-A54C-AE225DCB1196}.Release|Xbox 360.ActiveCfg = Release|x86
		{9E6E543F-B0F3-4729-A54C-AE225DCB1196}.Release|Zune.ActiveCfg = Release|x86
		{8D5A9D48-980E-4226-84AC-B44E3EEC4094}.Debug|x86.ActiveCfg = Debug|x86
		{8D5A9D48-980E-4226-84AC-B44E3EEC4094}.Debug|x86.Build.0 = Debug|x86
		{8D5A9D48-980E-4226-84AC-B44E3EEC4094}.Debug|Xbox 360.ActiveCfg = Debug|Xbox 360
		{8D5A9D48-980E-4226-84AC-B44E3EEC4094}.Debug|Xbox 360.Build.0 = Debug|Xbox 360
		{8D5A9D48-980E-4226-84AC-B44E3EEC4094}.Debug|Zune.ActiveCfg = Debug|Zune
		{8D5A9D48-980E-4226-84AC-B44E3EEC4094}.Debug|Zune.Build.0 = Debug|Zune
		{8D5A9D48-980E-4226-84AC-B44E3EEC4094}.Release|x86.ActiveCfg = Release|x86
		{8D5A9D48-980E-4226-84AC-B44E3EEC4094}.Release|x86.Build.0 = Release|x86
		{8D5A9D48-980E-4226-84AC-B44E3EEC4094}.Release|Xbox 360.ActiveCfg = Release|Xbox 360
		{8D5A9D48-980E-4226-84AC-B44E3EEC4094}.Release|Xbox 360.Build.0 = Release|Xbox 360
		{8D5A9D48-980E-4226-84AC-B44E3EEC4094}.Release|Zune.ActiveCfg = Release|Zune
		{8D5A9D48-980E-4226-84AC-B44E3EEC4094}.Release|Zune.Build.0 = Release|Zune
	EndGlobalSection
	GlobalSection(SolutionProperties) = preSolution
		HideSolutionNode = FALSE
	EndGlobalSection
EndGlobal
